
Microsoft Visual Studio Solution File, Format Version 12.00
# Visual Studio Version 16
VisualStudioVersion = 16.0.31727.386
MinimumVisualStudioVersion = 10.0.40219.1
Project("{9A19103F-16F7-4668-BE54-9A1E7A4F7556}") = "BV3N92_HFT_2021221.Client", "BV3N92_HFT_2021221.Client\BV3N92_HFT_2021221.Client.csproj", "{AD9A7C76-BC88-44FB-B486-C030BDAD7E81}"
EndProject
Project("{9A19103F-16F7-4668-BE54-9A1E7A4F7556}") = "BV3N92_HFT_2021221.Models", "BV3N92_HFT_2021221.Models\BV3N92_HFT_2021221.Models.csproj", "{BBAC4944-A04E-4BCD-99D4-D2B93C6EE02B}"
EndProject
Project("{9A19103F-16F7-4668-BE54-9A1E7A4F7556}") = "BV3N92_HFT_2021221.Data", "BV3N92_HFT_2021221.Data\BV3N92_HFT_2021221.Data.csproj", "{8A2842FF-11EB-4931-8AE5-106F4D84A9E5}"
EndProject
Project("{9A19103F-16F7-4668-BE54-9A1E7A4F7556}") = "BV3N92_HFT_2021221.Logic", "BV3N92_HFT_2021221.Logic\BV3N92_HFT_2021221.Logic.csproj", "{3D50C6D0-0700-4EE9-A892-031449446FEA}"
EndProject
Project("{9A19103F-16F7-4668-BE54-9A1E7A4F7556}") = "BV3N92_HFT_2021221.Repository", "BV3N92_HFT_2021221.Repository\BV3N92_HFT_2021221.Repository.csproj", "{E70BA588-D3F7-499E-88ED-ED6D974E08A0}"
EndProject
Project("{9A19103F-16F7-4668-BE54-9A1E7A4F7556}") = "BV3N92_HFT_2021221.Endpoint", "BV3N92_HFT_2021221.Endpoint\BV3N92_HFT_2021221.Endpoint.csproj", "{85C4B23C-A3F9-48C3-B52D-54A348A07E4D}"
EndProject
Project("{9A19103F-16F7-4668-BE54-9A1E7A4F7556}") = "BV3N92_HFT_2021221.Test", "BV3N92_HFT_2021221.Test\BV3N92_HFT_2021221.Test.csproj", "{7B1AEC84-1A7B-4F1F-A5C2-341AE9E5DC05}"
EndProject
Project("{2150E333-8FDC-42A3-9474-1A3956D46DE8}") = "Backend", "Backend", "{50BA3EB6-138C-4013-9EDC-AE95CADEB03C}"
EndProject
Project("{2150E333-8FDC-42A3-9474-1A3956D46DE8}") = "Frontend", "Frontend", "{E50DCAA9-F6E3-47D9-BFB8-2F5CB154FB2D}"
EndProject
Project("{2150E333-8FDC-42A3-9474-1A3956D46DE8}") = "Shared", "Shared", "{393331D4-B298-40BA-8BF4-221D304EEC5A}"
EndProject
Project("{2150E333-8FDC-42A3-9474-1A3956D46DE8}") = "Others", "Others", "{4D94C4D2-1D1F-4429-A4E9-6FE0B678C60A}"
	ProjectSection(SolutionItems) = preProject
		.gitignore = .gitignore
	EndProjectSection
EndProject
Project("{9A19103F-16F7-4668-BE54-9A1E7A4F7556}") = "BV3N92_GUI_2021222.WpfClient", "BV3N92_GUI_2021222.WpfClient\BV3N92_GUI_2021222.WpfClient.csproj", "{DA76A38A-93EB-4D2C-A80D-57809E95E8B5}"
EndProject
Project("{FAE04EC0-301F-11D3-BF4B-00C04F79EFBC}") = "BV3N92_GUI_2021222.JSClient", "BV3N92_GUI_2021222.JSClient\BV3N92_GUI_2021222.JSClient.csproj", "{5E67B467-D04C-43BA-8DD8-C16223C5E9B2}"
EndProject
Global
	GlobalSection(SolutionConfigurationPlatforms) = preSolution
		Debug|Any CPU = Debug|Any CPU
		Release|Any CPU = Release|Any CPU
	EndGlobalSection
	GlobalSection(ProjectConfigurationPlatforms) = postSolution
		{AD9A7C76-BC88-44FB-B486-C030BDAD7E81}.Debug|Any CPU.ActiveCfg = Debug|Any CPU
		{AD9A7C76-BC88-44FB-B486-C030BDAD7E81}.Debug|Any CPU.Build.0 = Debug|Any CPU
		{AD9A7C76-BC88-44FB-B486-C030BDAD7E81}.Release|Any CPU.ActiveCfg = Release|Any CPU
		{AD9A7C76-BC88-44FB-B486-C030BDAD7E81}.Release|Any CPU.Build.0 = Release|Any CPU
		{BBAC4944-A04E-4BCD-99D4-D2B93C6EE02B}.Debug|Any CPU.ActiveCfg = Debug|Any CPU
		{BBAC4944-A04E-4BCD-99D4-D2B93C6EE02B}.Debug|Any CPU.Build.0 = Debug|Any CPU
		{BBAC4944-A04E-4BCD-99D4-D2B93C6EE02B}.Release|Any CPU.ActiveCfg = Release|Any CPU
		{BBAC4944-A04E-4BCD-99D4-D2B93C6EE02B}.Release|Any CPU.Build.0 = Release|Any CPU
		{8A2842FF-11EB-4931-8AE5-106F4D84A9E5}.Debug|Any CPU.ActiveCfg = Debug|Any CPU
		{8A2842FF-11EB-4931-8AE5-106F4D84A9E5}.Debug|Any CPU.Build.0 = Debug|Any CPU
		{8A2842FF-11EB-4931-8AE5-106F4D84A9E5}.Release|Any CPU.ActiveCfg = Release|Any CPU
		{8A2842FF-11EB-4931-8AE5-106F4D84A9E5}.Release|Any CPU.Build.0 = Release|Any CPU
		{3D50C6D0-0700-4EE9-A892-031449446FEA}.Debug|Any CPU.ActiveCfg = Debug|Any CPU
		{3D50C6D0-0700-4EE9-A892-031449446FEA}.Debug|Any CPU.Build.0 = Debug|Any CPU
		{3D50C6D0-0700-4EE9-A892-031449446FEA}.Release|Any CPU.ActiveCfg = Release|Any CPU
		{3D50C6D0-0700-4EE9-A892-031449446FEA}.Release|Any CPU.Build.0 = Release|Any CPU
		{E70BA588-D3F7-499E-88ED-ED6D974E08A0}.Debug|Any CPU.ActiveCfg = Debug|Any CPU
		{E70BA588-D3F7-499E-88ED-ED6D974E08A0}.Debug|Any CPU.Build.0 = Debug|Any CPU
		{E70BA588-D3F7-499E-88ED-ED6D974E08A0}.Release|Any CPU.ActiveCfg = Release|Any CPU
		{E70BA588-D3F7-499E-88ED-ED6D974E08A0}.Release|Any CPU.Build.0 = Release|Any CPU
		{85C4B23C-A3F9-48C3-B52D-54A348A07E4D}.Debug|Any CPU.ActiveCfg = Debug|Any CPU
		{85C4B23C-A3F9-48C3-B52D-54A348A07E4D}.Debug|Any CPU.Build.0 = Debug|Any CPU
		{85C4B23C-A3F9-48C3-B52D-54A348A07E4D}.Release|Any CPU.ActiveCfg = Release|Any CPU
		{85C4B23C-A3F9-48C3-B52D-54A348A07E4D}.Release|Any CPU.Build.0 = Release|Any CPU
		{7B1AEC84-1A7B-4F1F-A5C2-341AE9E5DC05}.Debug|Any CPU.ActiveCfg = Debug|Any CPU
		{7B1AEC84-1A7B-4F1F-A5C2-341AE9E5DC05}.Debug|Any CPU.Build.0 = Debug|Any CPU
		{7B1AEC84-1A7B-4F1F-A5C2-341AE9E5DC05}.Release|Any CPU.ActiveCfg = Release|Any CPU
		{7B1AEC84-1A7B-4F1F-A5C2-341AE9E5DC05}.Release|Any CPU.Build.0 = Release|Any CPU
		{DA76A38A-93EB-4D2C-A80D-57809E95E8B5}.Debug|Any CPU.ActiveCfg = Debug|Any CPU
		{DA76A38A-93EB-4D2C-A80D-57809E95E8B5}.Debug|Any CPU.Build.0 = Debug|Any CPU
		{DA76A38A-93EB-4D2C-A80D-57809E95E8B5}.Release|Any CPU.ActiveCfg = Release|Any CPU
		{DA76A38A-93EB-4D2C-A80D-57809E95E8B5}.Release|Any CPU.Build.0 = Release|Any CPU
		{5E67B467-D04C-43BA-8DD8-C16223C5E9B2}.Debug|Any CPU.ActiveCfg = Debug|Any CPU
		{5E67B467-D04C-43BA-8DD8-C16223C5E9B2}.Debug|Any CPU.Build.0 = Debug|Any CPU
		{5E67B467-D04C-43BA-8DD8-C16223C5E9B2}.Release|Any CPU.ActiveCfg = Release|Any CPU
		{5E67B467-D04C-43BA-8DD8-C16223C5E9B2}.Release|Any CPU.Build.0 = Release|Any CPU
	EndGlobalSection
	GlobalSection(SolutionProperties) = preSolution
		HideSolutionNode = FALSE
	EndGlobalSection
	GlobalSection(NestedProjects) = preSolution
		{AD9A7C76-BC88-44FB-B486-C030BDAD7E81} = {E50DCAA9-F6E3-47D9-BFB8-2F5CB154FB2D}
		{BBAC4944-A04E-4BCD-99D4-D2B93C6EE02B} = {393331D4-B298-40BA-8BF4-221D304EEC5A}
		{8A2842FF-11EB-4931-8AE5-106F4D84A9E5} = {50BA3EB6-138C-4013-9EDC-AE95CADEB03C}
		{3D50C6D0-0700-4EE9-A892-031449446FEA} = {50BA3EB6-138C-4013-9EDC-AE95CADEB03C}
		{E70BA588-D3F7-499E-88ED-ED6D974E08A0} = {50BA3EB6-138C-4013-9EDC-AE95CADEB03C}
		{85C4B23C-A3F9-48C3-B52D-54A348A07E4D} = {50BA3EB6-138C-4013-9EDC-AE95CADEB03C}
		{7B1AEC84-1A7B-4F1F-A5C2-341AE9E5DC05} = {50BA3EB6-138C-4013-9EDC-AE95CADEB03C}
		{DA76A38A-93EB-4D2C-A80D-57809E95E8B5} = {E50DCAA9-F6E3-47D9-BFB8-2F5CB154FB2D}
		{5E67B467-D04C-43BA-8DD8-C16223C5E9B2} = {E50DCAA9-F6E3-47D9-BFB8-2F5CB154FB2D}
	EndGlobalSection
	GlobalSection(ExtensibilityGlobals) = postSolution
		SolutionGuid = {BEAC052D-7A1F-45EE-92C7-2711FFB4D366}
	EndGlobalSection
EndGlobal
